
Microsoft Visual Studio Solution File, Format Version 12.00
# Visual Studio Version 17
VisualStudioVersion = 17.5.33516.290
MinimumVisualStudioVersion = 10.0.40219.1
Project("{FAE04EC0-301F-11D3-BF4B-00C04F79EFBC}") = "Task1_1", "Task1_1\Task1_1.csproj", "{E25D3D8B-C297-40C1-830D-9B1ABCF68AAE}"
EndProject
Project("{FAE04EC0-301F-11D3-BF4B-00C04F79EFBC}") = "Task2_1", "Task2_1\Task2_1.csproj", "{7C253517-E274-41D7-8822-345A8949146B}"
EndProject
Project("{FAE04EC0-301F-11D3-BF4B-00C04F79EFBC}") = "Task2_2", "Task2_2\Task2_2.csproj", "{05C939B5-79D5-4219-B5C3-3A265F6E6E99}"
EndProject
Project("{FAE04EC0-301F-11D3-BF4B-00C04F79EFBC}") = "Task2_3", "Task2_3\Task2_3.csproj", "{FBF0161B-C044-41E8-93C4-943E21A0B9FC}"
EndProject
Project("{FAE04EC0-301F-11D3-BF4B-00C04F79EFBC}") = "Task2_4", "Task2_4\Task2_4.csproj", "{E223789C-BAA7-491B-8D76-D7BA5EEA42B0}"
EndProject
Project("{FAE04EC0-301F-11D3-BF4B-00C04F79EFBC}") = "Task2_5", "Task2_5\Task2_5.csproj", "{1F54B5F3-8EBE-4561-8925-98BCC3F86F5B}"
EndProject
Project("{FAE04EC0-301F-11D3-BF4B-00C04F79EFBC}") = "Task4_1", "Task4_1\Task4_1.csproj", "{81533494-EE20-49C6-8386-50AB49C2AADD}"
EndProject
Project("{FAE04EC0-301F-11D3-BF4B-00C04F79EFBC}") = "Task4_2", "Task4_2\Task4_2.csproj", "{38F9B094-4AAF-4CA6-8389-CE3961E36F81}"
EndProject
Project("{FAE04EC0-301F-11D3-BF4B-00C04F79EFBC}") = "Task4_3", "Task4_3\Task4_3.csproj", "{CC4A5C71-B074-4870-AA54-246D34F5FC58}"
EndProject
Project("{FAE04EC0-301F-11D3-BF4B-00C04F79EFBC}") = "Task4_4", "Task4_4\Task4_4.csproj", "{C3BC49CC-B29D-4860-A419-9018F539E7AC}"
EndProject
Project("{FAE04EC0-301F-11D3-BF4B-00C04F79EFBC}") = "Task4_5", "Task4_5\Task4_5.csproj", "{51DFF6E0-FFB2-4739-9093-A0706FB581ED}"
EndProject
Project("{FAE04EC0-301F-11D3-BF4B-00C04F79EFBC}") = "Task4_6", "Task4_6\Task4_6.csproj", "{8AE1FA3F-6B8F-433F-96CF-F95450B7C756}"
EndProject
Project("{FAE04EC0-301F-11D3-BF4B-00C04F79EFBC}") = "Task4_7", "Task4_7\Task4_7.csproj", "{9A0E648B-2E00-480D-B930-801552EFAF9D}"
EndProject
Global
	GlobalSection(SolutionConfigurationPlatforms) = preSolution
		Debug|Any CPU = Debug|Any CPU
		Release|Any CPU = Release|Any CPU
	EndGlobalSection
	GlobalSection(ProjectConfigurationPlatforms) = postSolution
		{E25D3D8B-C297-40C1-830D-9B1ABCF68AAE}.Debug|Any CPU.ActiveCfg = Debug|Any CPU
		{E25D3D8B-C297-40C1-830D-9B1ABCF68AAE}.Debug|Any CPU.Build.0 = Debug|Any CPU
		{E25D3D8B-C297-40C1-830D-9B1ABCF68AAE}.Release|Any CPU.ActiveCfg = Release|Any CPU
		{E25D3D8B-C297-40C1-830D-9B1ABCF68AAE}.Release|Any CPU.Build.0 = Release|Any CPU
		{7C253517-E274-41D7-8822-345A8949146B}.Debug|Any CPU.ActiveCfg = Debug|Any CPU
		{7C253517-E274-41D7-8822-345A8949146B}.Debug|Any CPU.Build.0 = Debug|Any CPU
		{7C253517-E274-41D7-8822-345A8949146B}.Release|Any CPU.ActiveCfg = Release|Any CPU
		{7C253517-E274-41D7-8822-345A8949146B}.Release|Any CPU.Build.0 = Release|Any CPU
		{05C939B5-79D5-4219-B5C3-3A265F6E6E99}.Debug|Any CPU.ActiveCfg = Debug|Any CPU
		{05C939B5-79D5-4219-B5C3-3A265F6E6E99}.Debug|Any CPU.Build.0 = Debug|Any CPU
		{05C939B5-79D5-4219-B5C3-3A265F6E6E99}.Release|Any CPU.ActiveCfg = Release|Any CPU
		{05C939B5-79D5-4219-B5C3-3A265F6E6E99}.Release|Any CPU.Build.0 = Release|Any CPU
		{FBF0161B-C044-41E8-93C4-943E21A0B9FC}.Debug|Any CPU.ActiveCfg = Debug|Any CPU
		{FBF0161B-C044-41E8-93C4-943E21A0B9FC}.Debug|Any CPU.Build.0 = Debug|Any CPU
		{FBF0161B-C044-41E8-93C4-943E21A0B9FC}.Release|Any CPU.ActiveCfg = Release|Any CPU
		{FBF0161B-C044-41E8-93C4-943E21A0B9FC}.Release|Any CPU.Build.0 = Release|Any CPU
		{E223789C-BAA7-491B-8D76-D7BA5EEA42B0}.Debug|Any CPU.ActiveCfg = Debug|Any CPU
		{E223789C-BAA7-491B-8D76-D7BA5EEA42B0}.Debug|Any CPU.Build.0 = Debug|Any CPU
		{E223789C-BAA7-491B-8D76-D7BA5EEA42B0}.Release|Any CPU.ActiveCfg = Release|Any CPU
		{E223789C-BAA7-491B-8D76-D7BA5EEA42B0}.Release|Any CPU.Build.0 = Release|Any CPU
		{1F54B5F3-8EBE-4561-8925-98BCC3F86F5B}.Debug|Any CPU.ActiveCfg = Debug|Any CPU
		{1F54B5F3-8EBE-4561-8925-98BCC3F86F5B}.Debug|Any CPU.Build.0 = Debug|Any CPU
		{1F54B5F3-8EBE-4561-8925-98BCC3F86F5B}.Release|Any CPU.ActiveCfg = Release|Any CPU
		{1F54B5F3-8EBE-4561-8925-98BCC3F86F5B}.Release|Any CPU.Build.0 = Release|Any CPU
		{81533494-EE20-49C6-8386-50AB49C2AADD}.Debug|Any CPU.ActiveCfg = Debug|Any CPU
		{81533494-EE20-49C6-8386-50AB49C2AADD}.Debug|Any CPU.Build.0 = Debug|Any CPU
		{81533494-EE20-49C6-8386-50AB49C2AADD}.Release|Any CPU.ActiveCfg = Release|Any CPU
		{81533494-EE20-49C6-8386-50AB49C2AADD}.Release|Any CPU.Build.0 = Release|Any CPU
		{38F9B094-4AAF-4CA6-8389-CE3961E36F81}.Debug|Any CPU.ActiveCfg = Debug|Any CPU
		{38F9B094-4AAF-4CA6-8389-CE3961E36F81}.Debug|Any CPU.Build.0 = Debug|Any CPU
		{38F9B094-4AAF-4CA6-8389-CE3961E36F81}.Release|Any CPU.ActiveCfg = Release|Any CPU
		{38F9B094-4AAF-4CA6-8389-CE3961E36F81}.Release|Any CPU.Build.0 = Release|Any CPU
		{CC4A5C71-B074-4870-AA54-246D34F5FC58}.Debug|Any CPU.ActiveCfg = Debug|Any CPU
		{CC4A5C71-B074-4870-AA54-246D34F5FC58}.Debug|Any CPU.Build.0 = Debug|Any CPU
		{CC4A5C71-B074-4870-AA54-246D34F5FC58}.Release|Any CPU.ActiveCfg = Release|Any CPU
		{CC4A5C71-B074-4870-AA54-246D34F5FC58}.Release|Any CPU.Build.0 = Release|Any CPU
		{C3BC49CC-B29D-4860-A419-9018F539E7AC}.Debug|Any CPU.ActiveCfg = Debug|Any CPU
		{C3BC49CC-B29D-4860-A419-9018F539E7AC}.Debug|Any CPU.Build.0 = Debug|Any CPU
		{C3BC49CC-B29D-4860-A419-9018F539E7AC}.Release|Any CPU.ActiveCfg = Release|Any CPU
		{C3BC49CC-B29D-4860-A419-9018F539E7AC}.Release|Any CPU.Build.0 = Release|Any CPU
		{51DFF6E0-FFB2-4739-9093-A0706FB581ED}.Debug|Any CPU.ActiveCfg = Debug|Any CPU
		{51DFF6E0-FFB2-4739-9093-A0706FB581ED}.Debug|Any CPU.Build.0 = Debug|Any CPU
		{51DFF6E0-FFB2-4739-9093-A0706FB581ED}.Release|Any CPU.ActiveCfg = Release|Any CPU
		{51DFF6E0-FFB2-4739-9093-A0706FB581ED}.Release|Any CPU.Build.0 = Release|Any CPU
		{8AE1FA3F-6B8F-433F-96CF-F95450B7C756}.Debug|Any CPU.ActiveCfg = Debug|Any CPU
		{8AE1FA3F-6B8F-433F-96CF-F95450B7C756}.Debug|Any CPU.Build.0 = Debug|Any CPU
		{8AE1FA3F-6B8F-433F-96CF-F95450B7C756}.Release|Any CPU.ActiveCfg = Release|Any CPU
		{8AE1FA3F-6B8F-433F-96CF-F95450B7C756}.Release|Any CPU.Build.0 = Release|Any CPU
		{9A0E648B-2E00-480D-B930-801552EFAF9D}.Debug|Any CPU.ActiveCfg = Debug|Any CPU
		{9A0E648B-2E00-480D-B930-801552EFAF9D}.Debug|Any CPU.Build.0 = Debug|Any CPU
		{9A0E648B-2E00-480D-B930-801552EFAF9D}.Release|Any CPU.ActiveCfg = Release|Any CPU
		{9A0E648B-2E00-480D-B930-801552EFAF9D}.Release|Any CPU.Build.0 = Release|Any CPU
	EndGlobalSection
	GlobalSection(SolutionProperties) = preSolution
		HideSolutionNode = FALSE
	EndGlobalSection
	GlobalSection(ExtensibilityGlobals) = postSolution
		SolutionGuid = {8A05576A-9C35-4673-A169-491EFF5F679F}
	EndGlobalSection
EndGlobal
