
Microsoft Visual Studio Solution File, Format Version 12.00
# Visual Studio Version 17
VisualStudioVersion = 17.5.33516.290
MinimumVisualStudioVersion = 10.0.40219.1
Project("{FAE04EC0-301F-11D3-BF4B-00C04F79EFBC}") = "Task1_1", "Task1_1\Task1_1.csproj", "{E25D3D8B-C297-40C1-830D-9B1ABCF68AAE}"
EndProject
Project("{FAE04EC0-301F-11D3-BF4B-00C04F79EFBC}") = "Task3_1", "Task3_1\Task3_1.csproj", "{FED6CC25-1797-420B-80F4-C574A01B25E2}"
EndProject
Project("{FAE04EC0-301F-11D3-BF4B-00C04F79EFBC}") = "Task3_2", "Task3_2\Task3_2.csproj", "{43D29349-204E-4E9F-9439-4BA562689456}"
EndProject
Project("{FAE04EC0-301F-11D3-BF4B-00C04F79EFBC}") = "Task3_3", "Task3_3\Task3_3.csproj", "{D8333352-9039-472F-8F1C-CD72D5C6AE67}"
EndProject
Project("{FAE04EC0-301F-11D3-BF4B-00C04F79EFBC}") = "Task3_4", "Task3_4\Task3_4.csproj", "{03EA6FB0-8AD2-4DE3-8E93-987815B85966}"
EndProject
Project("{FAE04EC0-301F-11D3-BF4B-00C04F79EFBC}") = "Task3_5", "Task3_5\Task3_5.csproj", "{6962660B-624A-4E53-BD47-6B31A1547E38}"
EndProject
Project("{FAE04EC0-301F-11D3-BF4B-00C04F79EFBC}") = "Task3_6", "Task3_6\Task3_6.csproj", "{AA427930-80BC-481F-8FD5-8B61878D24F2}"
EndProject
Project("{FAE04EC0-301F-11D3-BF4B-00C04F79EFBC}") = "Task3_7", "Task3_7\Task3_7.csproj", "{74D793BB-0283-4906-93B3-0AA2B17E29BE}"
EndProject
Project("{FAE04EC0-301F-11D3-BF4B-00C04F79EFBC}") = "Task3_8", "Task3_8\Task3_8.csproj", "{CDB4354F-C546-41B4-B17F-07D2B29654F8}"
EndProject
Project("{FAE04EC0-301F-11D3-BF4B-00C04F79EFBC}") = "Task3_9", "Task3_9\Task3_9.csproj", "{320BA72A-828A-4FCD-B727-FB70D0F462AD}"
EndProject
Project("{FAE04EC0-301F-11D3-BF4B-00C04F79EFBC}") = "Task3_10", "Task3_10\Task3_10.csproj", "{E20D8C98-D634-4560-9080-6194DBE52BA7}"
EndProject
Global
	GlobalSection(SolutionConfigurationPlatforms) = preSolution
		Debug|Any CPU = Debug|Any CPU
		Release|Any CPU = Release|Any CPU
	EndGlobalSection
	GlobalSection(ProjectConfigurationPlatforms) = postSolution
		{E25D3D8B-C297-40C1-830D-9B1ABCF68AAE}.Debug|Any CPU.ActiveCfg = Debug|Any CPU
		{E25D3D8B-C297-40C1-830D-9B1ABCF68AAE}.Debug|Any CPU.Build.0 = Debug|Any CPU
		{E25D3D8B-C297-40C1-830D-9B1ABCF68AAE}.Release|Any CPU.ActiveCfg = Release|Any CPU
		{E25D3D8B-C297-40C1-830D-9B1ABCF68AAE}.Release|Any CPU.Build.0 = Release|Any CPU
		{FED6CC25-1797-420B-80F4-C574A01B25E2}.Debug|Any CPU.ActiveCfg = Debug|Any CPU
		{FED6CC25-1797-420B-80F4-C574A01B25E2}.Debug|Any CPU.Build.0 = Debug|Any CPU
		{FED6CC25-1797-420B-80F4-C574A01B25E2}.Release|Any CPU.ActiveCfg = Release|Any CPU
		{FED6CC25-1797-420B-80F4-C574A01B25E2}.Release|Any CPU.Build.0 = Release|Any CPU
		{43D29349-204E-4E9F-9439-4BA562689456}.Debug|Any CPU.ActiveCfg = Debug|Any CPU
		{43D29349-204E-4E9F-9439-4BA562689456}.Debug|Any CPU.Build.0 = Debug|Any CPU
		{43D29349-204E-4E9F-9439-4BA562689456}.Release|Any CPU.ActiveCfg = Release|Any CPU
		{43D29349-204E-4E9F-9439-4BA562689456}.Release|Any CPU.Build.0 = Release|Any CPU
		{D8333352-9039-472F-8F1C-CD72D5C6AE67}.Debug|Any CPU.ActiveCfg = Debug|Any CPU
		{D8333352-9039-472F-8F1C-CD72D5C6AE67}.Debug|Any CPU.Build.0 = Debug|Any CPU
		{D8333352-9039-472F-8F1C-CD72D5C6AE67}.Release|Any CPU.ActiveCfg = Release|Any CPU
		{D8333352-9039-472F-8F1C-CD72D5C6AE67}.Release|Any CPU.Build.0 = Release|Any CPU
		{03EA6FB0-8AD2-4DE3-8E93-987815B85966}.Debug|Any CPU.ActiveCfg = Debug|Any CPU
		{03EA6FB0-8AD2-4DE3-8E93-987815B85966}.Debug|Any CPU.Build.0 = Debug|Any CPU
		{03EA6FB0-8AD2-4DE3-8E93-987815B85966}.Release|Any CPU.ActiveCfg = Release|Any CPU
		{03EA6FB0-8AD2-4DE3-8E93-987815B85966}.Release|Any CPU.Build.0 = Release|Any CPU
		{6962660B-624A-4E53-BD47-6B31A1547E38}.Debug|Any CPU.ActiveCfg = Debug|Any CPU
		{6962660B-624A-4E53-BD47-6B31A1547E38}.Debug|Any CPU.Build.0 = Debug|Any CPU
		{6962660B-624A-4E53-BD47-6B31A1547E38}.Release|Any CPU.ActiveCfg = Release|Any CPU
		{6962660B-624A-4E53-BD47-6B31A1547E38}.Release|Any CPU.Build.0 = Release|Any CPU
		{AA427930-80BC-481F-8FD5-8B61878D24F2}.Debug|Any CPU.ActiveCfg = Debug|Any CPU
		{AA427930-80BC-481F-8FD5-8B61878D24F2}.Debug|Any CPU.Build.0 = Debug|Any CPU
		{AA427930-80BC-481F-8FD5-8B61878D24F2}.Release|Any CPU.ActiveCfg = Release|Any CPU
		{AA427930-80BC-481F-8FD5-8B61878D24F2}.Release|Any CPU.Build.0 = Release|Any CPU
		{74D793BB-0283-4906-93B3-0AA2B17E29BE}.Debug|Any CPU.ActiveCfg = Debug|Any CPU
		{74D793BB-0283-4906-93B3-0AA2B17E29BE}.Debug|Any CPU.Build.0 = Debug|Any CPU
		{74D793BB-0283-4906-93B3-0AA2B17E29BE}.Release|Any CPU.ActiveCfg = Release|Any CPU
		{74D793BB-0283-4906-93B3-0AA2B17E29BE}.Release|Any CPU.Build.0 = Release|Any CPU
		{CDB4354F-C546-41B4-B17F-07D2B29654F8}.Debug|Any CPU.ActiveCfg = Debug|Any CPU
		{CDB4354F-C546-41B4-B17F-07D2B29654F8}.Debug|Any CPU.Build.0 = Debug|Any CPU
		{CDB4354F-C546-41B4-B17F-07D2B29654F8}.Release|Any CPU.ActiveCfg = Release|Any CPU
		{CDB4354F-C546-41B4-B17F-07D2B29654F8}.Release|Any CPU.Build.0 = Release|Any CPU
		{320BA72A-828A-4FCD-B727-FB70D0F462AD}.Debug|Any CPU.ActiveCfg = Debug|Any CPU
		{320BA72A-828A-4FCD-B727-FB70D0F462AD}.Debug|Any CPU.Build.0 = Debug|Any CPU
		{320BA72A-828A-4FCD-B727-FB70D0F462AD}.Release|Any CPU.ActiveCfg = Release|Any CPU
		{320BA72A-828A-4FCD-B727-FB70D0F462AD}.Release|Any CPU.Build.0 = Release|Any CPU
		{E20D8C98-D634-4560-9080-6194DBE52BA7}.Debug|Any CPU.ActiveCfg = Debug|Any CPU
		{E20D8C98-D634-4560-9080-6194DBE52BA7}.Debug|Any CPU.Build.0 = Debug|Any CPU
		{E20D8C98-D634-4560-9080-6194DBE52BA7}.Release|Any CPU.ActiveCfg = Release|Any CPU
		{E20D8C98-D634-4560-9080-6194DBE52BA7}.Release|Any CPU.Build.0 = Release|Any CPU
	EndGlobalSection
	GlobalSection(SolutionProperties) = preSolution
		HideSolutionNode = FALSE
	EndGlobalSection
	GlobalSection(ExtensibilityGlobals) = postSolution
		SolutionGuid = {8A05576A-9C35-4673-A169-491EFF5F679F}
	EndGlobalSection
EndGlobal
