
Microsoft Visual Studio Solution File, Format Version 12.00
# Visual Studio Version 17
VisualStudioVersion = 17.13.35818.85
MinimumVisualStudioVersion = 10.0.40219.1
Project("{FAE04EC0-301F-11D3-BF4B-00C04F79EFBC}") = "Task1_1", "Task1_1\Task1_1.csproj", "{9434B83F-ABB9-4274-96FA-CC474773BF9C}"
EndProject
Project("{FAE04EC0-301F-11D3-BF4B-00C04F79EFBC}") = "Task1_2", "Task1_2\Task1_2.csproj", "{33E98980-5458-40F4-BFFB-704B08636143}"
EndProject
Project("{FAE04EC0-301F-11D3-BF4B-00C04F79EFBC}") = "Task1_3", "Task1_3\Task1_3.csproj", "{272DD5EE-4A29-49BA-8EFF-6C05B6BDD187}"
EndProject
Project("{FAE04EC0-301F-11D3-BF4B-00C04F79EFBC}") = "Task2", "Task2\Task2.csproj", "{A4D5B795-166E-40DD-AC89-F67B862388F4}"
EndProject
Project("{FAE04EC0-301F-11D3-BF4B-00C04F79EFBC}") = "Task3", "Task3\Task3.csproj", "{4C410634-F949-4FE8-A675-A50A40F294F2}"
EndProject
Project("{FAE04EC0-301F-11D3-BF4B-00C04F79EFBC}") = "Task4", "Task4\Task4.csproj", "{8F860DA2-EA0A-4E91-806C-C3D3612B416B}"
EndProject
Project("{FAE04EC0-301F-11D3-BF4B-00C04F79EFBC}") = "Task5", "Task5\Task5.csproj", "{4C616D40-29AB-4B9C-9A97-AF889FEB4659}"
EndProject
Project("{FAE04EC0-301F-11D3-BF4B-00C04F79EFBC}") = "Task6", "Task6\Task6.csproj", "{C5E6C226-EF68-450A-810D-F6051CBC8D6C}"
EndProject
Global
	GlobalSection(SolutionConfigurationPlatforms) = preSolution
		Debug|Any CPU = Debug|Any CPU
		Release|Any CPU = Release|Any CPU
	EndGlobalSection
	GlobalSection(ProjectConfigurationPlatforms) = postSolution
		{9434B83F-ABB9-4274-96FA-CC474773BF9C}.Debug|Any CPU.ActiveCfg = Debug|Any CPU
		{9434B83F-ABB9-4274-96FA-CC474773BF9C}.Debug|Any CPU.Build.0 = Debug|Any CPU
		{9434B83F-ABB9-4274-96FA-CC474773BF9C}.Release|Any CPU.ActiveCfg = Release|Any CPU
		{9434B83F-ABB9-4274-96FA-CC474773BF9C}.Release|Any CPU.Build.0 = Release|Any CPU
		{33E98980-5458-40F4-BFFB-704B08636143}.Debug|Any CPU.ActiveCfg = Debug|Any CPU
		{33E98980-5458-40F4-BFFB-704B08636143}.Debug|Any CPU.Build.0 = Debug|Any CPU
		{33E98980-5458-40F4-BFFB-704B08636143}.Release|Any CPU.ActiveCfg = Release|Any CPU
		{33E98980-5458-40F4-BFFB-704B08636143}.Release|Any CPU.Build.0 = Release|Any CPU
		{272DD5EE-4A29-49BA-8EFF-6C05B6BDD187}.Debug|Any CPU.ActiveCfg = Debug|Any CPU
		{272DD5EE-4A29-49BA-8EFF-6C05B6BDD187}.Debug|Any CPU.Build.0 = Debug|Any CPU
		{272DD5EE-4A29-49BA-8EFF-6C05B6BDD187}.Release|Any CPU.ActiveCfg = Release|Any CPU
		{272DD5EE-4A29-49BA-8EFF-6C05B6BDD187}.Release|Any CPU.Build.0 = Release|Any CPU
		{A4D5B795-166E-40DD-AC89-F67B862388F4}.Debug|Any CPU.ActiveCfg = Debug|Any CPU
		{A4D5B795-166E-40DD-AC89-F67B862388F4}.Debug|Any CPU.Build.0 = Debug|Any CPU
		{A4D5B795-166E-40DD-AC89-F67B862388F4}.Release|Any CPU.ActiveCfg = Release|Any CPU
		{A4D5B795-166E-40DD-AC89-F67B862388F4}.Release|Any CPU.Build.0 = Release|Any CPU
		{4C410634-F949-4FE8-A675-A50A40F294F2}.Debug|Any CPU.ActiveCfg = Debug|Any CPU
		{4C410634-F949-4FE8-A675-A50A40F294F2}.Debug|Any CPU.Build.0 = Debug|Any CPU
		{4C410634-F949-4FE8-A675-A50A40F294F2}.Release|Any CPU.ActiveCfg = Release|Any CPU
		{4C410634-F949-4FE8-A675-A50A40F294F2}.Release|Any CPU.Build.0 = Release|Any CPU
		{8F860DA2-EA0A-4E91-806C-C3D3612B416B}.Debug|Any CPU.ActiveCfg = Debug|Any CPU
		{8F860DA2-EA0A-4E91-806C-C3D3612B416B}.Debug|Any CPU.Build.0 = Debug|Any CPU
		{8F860DA2-EA0A-4E91-806C-C3D3612B416B}.Release|Any CPU.ActiveCfg = Release|Any CPU
		{8F860DA2-EA0A-4E91-806C-C3D3612B416B}.Release|Any CPU.Build.0 = Release|Any CPU
		{4C616D40-29AB-4B9C-9A97-AF889FEB4659}.Debug|Any CPU.ActiveCfg = Debug|Any CPU
		{4C616D40-29AB-4B9C-9A97-AF889FEB4659}.Debug|Any CPU.Build.0 = Debug|Any CPU
		{4C616D40-29AB-4B9C-9A97-AF889FEB4659}.Release|Any CPU.ActiveCfg = Release|Any CPU
		{4C616D40-29AB-4B9C-9A97-AF889FEB4659}.Release|Any CPU.Build.0 = Release|Any CPU
		{C5E6C226-EF68-450A-810D-F6051CBC8D6C}.Debug|Any CPU.ActiveCfg = Debug|Any CPU
		{C5E6C226-EF68-450A-810D-F6051CBC8D6C}.Debug|Any CPU.Build.0 = Debug|Any CPU
		{C5E6C226-EF68-450A-810D-F6051CBC8D6C}.Release|Any CPU.ActiveCfg = Release|Any CPU
		{C5E6C226-EF68-450A-810D-F6051CBC8D6C}.Release|Any CPU.Build.0 = Release|Any CPU
	EndGlobalSection
	GlobalSection(SolutionProperties) = preSolution
		HideSolutionNode = FALSE
	EndGlobalSection
	GlobalSection(ExtensibilityGlobals) = postSolution
		SolutionGuid = {542F2ADC-5C86-43CD-9CF8-50E485BD5375}
	EndGlobalSection
EndGlobal
